// !$*UTF8*$!
{
	archiveVersion = 1;
	classes = {
	};
	objectVersion = 55;
	objects = {

/* Begin PBXBuildFile section */
		181FA9352840FE8500B95DCA /* TodoItem.swift in Sources */ = {isa = PBXBuildFile; fileRef = 181FA9342840FE8500B95DCA /* TodoItem.swift */; };
		187D48432845873D007A3083 /* DataModel.xcdatamodeld in Sources */ = {isa = PBXBuildFile; fileRef = 187D48412845873D007A3083 /* DataModel.xcdatamodeld */; };
		18C35E66283E9222003E0CC1 /* AppDelegate.swift in Sources */ = {isa = PBXBuildFile; fileRef = 18C35E65283E9222003E0CC1 /* AppDelegate.swift */; };
		18C35E68283E9222003E0CC1 /* SceneDelegate.swift in Sources */ = {isa = PBXBuildFile; fileRef = 18C35E67283E9222003E0CC1 /* SceneDelegate.swift */; };
		18C35E6A283E9222003E0CC1 /* TodoListViewController.swift in Sources */ = {isa = PBXBuildFile; fileRef = 18C35E69283E9222003E0CC1 /* TodoListViewController.swift */; };
		18C35E6D283E9222003E0CC1 /* Main.storyboard in Resources */ = {isa = PBXBuildFile; fileRef = 18C35E6B283E9222003E0CC1 /* Main.storyboard */; };
		18C35E6F283E9226003E0CC1 /* Assets.xcassets in Resources */ = {isa = PBXBuildFile; fileRef = 18C35E6E283E9226003E0CC1 /* Assets.xcassets */; };
		18C35E72283E9226003E0CC1 /* LaunchScreen.storyboard in Resources */ = {isa = PBXBuildFile; fileRef = 18C35E70283E9226003E0CC1 /* LaunchScreen.storyboard */; };
		18C35E7C283EA688003E0CC1 /* TodoTableViewCell.xib in Resources */ = {isa = PBXBuildFile; fileRef = 18C35E7B283EA688003E0CC1 /* TodoTableViewCell.xib */; };
		18C35E7E283EA6FC003E0CC1 /* TodoTableViewCell.swift in Sources */ = {isa = PBXBuildFile; fileRef = 18C35E7D283EA6FC003E0CC1 /* TodoTableViewCell.swift */; };
/* End PBXBuildFile section */

/* Begin PBXFileReference section */
		181FA9342840FE8500B95DCA /* TodoItem.swift */ = {isa = PBXFileReference; lastKnownFileType = sourcecode.swift; path = TodoItem.swift; sourceTree = "<group>"; };
		187D48422845873D007A3083 /* DataModel.xcdatamodel */ = {isa = PBXFileReference; lastKnownFileType = wrapper.xcdatamodel; path = DataModel.xcdatamodel; sourceTree = "<group>"; };
		18C35E62283E9222003E0CC1 /* core-data-realm.app */ = {isa = PBXFileReference; explicitFileType = wrapper.application; includeInIndex = 0; path = "core-data-realm.app"; sourceTree = BUILT_PRODUCTS_DIR; };
		18C35E65283E9222003E0CC1 /* AppDelegate.swift */ = {isa = PBXFileReference; lastKnownFileType = sourcecode.swift; path = AppDelegate.swift; sourceTree = "<group>"; };
		18C35E67283E9222003E0CC1 /* SceneDelegate.swift */ = {isa = PBXFileReference; lastKnownFileType = sourcecode.swift; path = SceneDelegate.swift; sourceTree = "<group>"; };
		18C35E69283E9222003E0CC1 /* TodoListViewController.swift */ = {isa = PBXFileReference; lastKnownFileType = sourcecode.swift; path = TodoListViewController.swift; sourceTree = "<group>"; };
		18C35E6C283E9222003E0CC1 /* Base */ = {isa = PBXFileReference; lastKnownFileType = file.storyboard; name = Base; path = Base.lproj/Main.storyboard; sourceTree = "<group>"; };
		18C35E6E283E9226003E0CC1 /* Assets.xcassets */ = {isa = PBXFileReference; lastKnownFileType = folder.assetcatalog; path = Assets.xcassets; sourceTree = "<group>"; };
		18C35E71283E9226003E0CC1 /* Base */ = {isa = PBXFileReference; lastKnownFileType = file.storyboard; name = Base; path = Base.lproj/LaunchScreen.storyboard; sourceTree = "<group>"; };
		18C35E73283E9226003E0CC1 /* Info.plist */ = {isa = PBXFileReference; lastKnownFileType = text.plist.xml; path = Info.plist; sourceTree = "<group>"; };
		18C35E7B283EA688003E0CC1 /* TodoTableViewCell.xib */ = {isa = PBXFileReference; lastKnownFileType = file.xib; path = TodoTableViewCell.xib; sourceTree = "<group>"; };
		18C35E7D283EA6FC003E0CC1 /* TodoTableViewCell.swift */ = {isa = PBXFileReference; lastKnownFileType = sourcecode.swift; path = TodoTableViewCell.swift; sourceTree = "<group>"; };
/* End PBXFileReference section */

/* Begin PBXFrameworksBuildPhase section */
		18C35E5F283E9222003E0CC1 /* Frameworks */ = {
			isa = PBXFrameworksBuildPhase;
			buildActionMask = 2147483647;
			files = (
			);
			runOnlyForDeploymentPostprocessing = 0;
		};
/* End PBXFrameworksBuildPhase section */

/* Begin PBXGroup section */
		181FA9332840FE7300B95DCA /* Model */ = {
			isa = PBXGroup;
			children = (
				181FA9342840FE8500B95DCA /* TodoItem.swift */,
				187D48412845873D007A3083 /* DataModel.xcdatamodeld */,
			);
			path = Model;
			sourceTree = "<group>";
		};
		18C35E59283E9222003E0CC1 = {
			isa = PBXGroup;
			children = (
				18C35E64283E9222003E0CC1 /* core-data-realm */,
				18C35E63283E9222003E0CC1 /* Products */,
			);
			sourceTree = "<group>";
		};
		18C35E63283E9222003E0CC1 /* Products */ = {
			isa = PBXGroup;
			children = (
				18C35E62283E9222003E0CC1 /* core-data-realm.app */,
			);
			name = Products;
			sourceTree = "<group>";
		};
		18C35E64283E9222003E0CC1 /* core-data-realm */ = {
			isa = PBXGroup;
			children = (
				181FA9332840FE7300B95DCA /* Model */,
				18C35E79283EA657003E0CC1 /* View */,
				18C35E65283E9222003E0CC1 /* AppDelegate.swift */,
				18C35E67283E9222003E0CC1 /* SceneDelegate.swift */,
				18C35E6B283E9222003E0CC1 /* Main.storyboard */,
				18C35E6E283E9226003E0CC1 /* Assets.xcassets */,
				18C35E70283E9226003E0CC1 /* LaunchScreen.storyboard */,
				18C35E73283E9226003E0CC1 /* Info.plist */,
			);
			path = "core-data-realm";
			sourceTree = "<group>";
		};
		18C35E79283EA657003E0CC1 /* View */ = {
			isa = PBXGroup;
			children = (
				18C35E7A283EA661003E0CC1 /* Cells */,
				18C35E69283E9222003E0CC1 /* TodoListViewController.swift */,
			);
			path = View;
			sourceTree = "<group>";
		};
		18C35E7A283EA661003E0CC1 /* Cells */ = {
			isa = PBXGroup;
			children = (
				18C35E7B283EA688003E0CC1 /* TodoTableViewCell.xib */,
				18C35E7D283EA6FC003E0CC1 /* TodoTableViewCell.swift */,
			);
			path = Cells;
			sourceTree = "<group>";
		};
/* End PBXGroup section */

/* Begin PBXNativeTarget section */
		18C35E61283E9222003E0CC1 /* core-data-realm */ = {
			isa = PBXNativeTarget;
			buildConfigurationList = 18C35E76283E9226003E0CC1 /* Build configuration list for PBXNativeTarget "core-data-realm" */;
			buildPhases = (
				18C35E5E283E9222003E0CC1 /* Sources */,
				18C35E5F283E9222003E0CC1 /* Frameworks */,
				18C35E60283E9222003E0CC1 /* Resources */,
			);
			buildRules = (
			);
			dependencies = (
			);
			name = "core-data-realm";
			productName = "core-data-realm";
			productReference = 18C35E62283E9222003E0CC1 /* core-data-realm.app */;
			productType = "com.apple.product-type.application";
		};
/* End PBXNativeTarget section */

/* Begin PBXProject section */
		18C35E5A283E9222003E0CC1 /* Project object */ = {
			isa = PBXProject;
			attributes = {
				BuildIndependentTargetsInParallel = 1;
				LastSwiftUpdateCheck = 1300;
				LastUpgradeCheck = 1300;
				TargetAttributes = {
					18C35E61283E9222003E0CC1 = {
						CreatedOnToolsVersion = 13.0;
					};
				};
			};
			buildConfigurationList = 18C35E5D283E9222003E0CC1 /* Build configuration list for PBXProject "core-data-realm" */;
			compatibilityVersion = "Xcode 13.0";
			developmentRegion = en;
			hasScannedForEncodings = 0;
			knownRegions = (
				en,
				Base,
			);
			mainGroup = 18C35E59283E9222003E0CC1;
			productRefGroup = 18C35E63283E9222003E0CC1 /* Products */;
			projectDirPath = "";
			projectRoot = "";
			targets = (
				18C35E61283E9222003E0CC1 /* core-data-realm */,
			);
		};
/* End PBXProject section */

/* Begin PBXResourcesBuildPhase section */
		18C35E60283E9222003E0CC1 /* Resources */ = {
			isa = PBXResourcesBuildPhase;
			buildActionMask = 2147483647;
			files = (
				18C35E72283E9226003E0CC1 /* LaunchScreen.storyboard in Resources */,
				18C35E6F283E9226003E0CC1 /* Assets.xcassets in Resources */,
				18C35E6D283E9222003E0CC1 /* Main.storyboard in Resources */,
				18C35E7C283EA688003E0CC1 /* TodoTableViewCell.xib in Resources */,
			);
			runOnlyForDeploymentPostprocessing = 0;
		};
/* End PBXResourcesBuildPhase section */

/* Begin PBXSourcesBuildPhase section */
		18C35E5E283E9222003E0CC1 /* Sources */ = {
			isa = PBXSourcesBuildPhase;
			buildActionMask = 2147483647;
			files = (
				181FA9352840FE8500B95DCA /* TodoItem.swift in Sources */,
				18C35E6A283E9222003E0CC1 /* TodoListViewController.swift in Sources */,
				187D48432845873D007A3083 /* DataModel.xcdatamodeld in Sources */,
				18C35E66283E9222003E0CC1 /* AppDelegate.swift in Sources */,
				18C35E68283E9222003E0CC1 /* SceneDelegate.swift in Sources */,
				18C35E7E283EA6FC003E0CC1 /* TodoTableViewCell.swift in Sources */,
			);
			runOnlyForDeploymentPostprocessing = 0;
		};
/* End PBXSourcesBuildPhase section */

/* Begin PBXVariantGroup section */
		18C35E6B283E9222003E0CC1 /* Main.storyboard */ = {
			isa = PBXVariantGroup;
			children = (
				18C35E6C283E9222003E0CC1 /* Base */,
			);
			name = Main.storyboard;
			sourceTree = "<group>";
		};
		18C35E70283E9226003E0CC1 /* LaunchScreen.storyboard */ = {
			isa = PBXVariantGroup;
			children = (
				18C35E71283E9226003E0CC1 /* Base */,
			);
			name = LaunchScreen.storyboard;
			sourceTree = "<group>";
		};
/* End PBXVariantGroup section */

/* Begin XCBuildConfiguration section */
		18C35E74283E9226003E0CC1 /* Debug */ = {
			isa = XCBuildConfiguration;
			buildSettings = {
				ALWAYS_SEARCH_USER_PATHS = NO;
				CLANG_ANALYZER_NONNULL = YES;
				CLANG_ANALYZER_NUMBER_OBJECT_CONVERSION = YES_AGGRESSIVE;
				CLANG_CXX_LANGUAGE_STANDARD = "gnu++17";
				CLANG_CXX_LIBRARY = "libc++";
				CLANG_ENABLE_MODULES = YES;
				CLANG_ENABLE_OBJC_ARC = YES;
				CLANG_ENABLE_OBJC_WEAK = YES;
				CLANG_WARN_BLOCK_CAPTURE_AUTORELEASING = YES;
				CLANG_WARN_BOOL_CONVERSION = YES;
				CLANG_WARN_COMMA = YES;
				CLANG_WARN_CONSTANT_CONVERSION = YES;
				CLANG_WARN_DEPRECATED_OBJC_IMPLEMENTATIONS = YES;
				CLANG_WARN_DIRECT_OBJC_ISA_USAGE = YES_ERROR;
				CLANG_WARN_DOCUMENTATION_COMMENTS = YES;
				CLANG_WARN_EMPTY_BODY = YES;
				CLANG_WARN_ENUM_CONVERSION = YES;
				CLANG_WARN_INFINITE_RECURSION = YES;
				CLANG_WARN_INT_CONVERSION = YES;
				CLANG_WARN_NON_LITERAL_NULL_CONVERSION = YES;
				CLANG_WARN_OBJC_IMPLICIT_RETAIN_SELF = YES;
				CLANG_WARN_OBJC_LITERAL_CONVERSION = YES;
				CLANG_WARN_OBJC_ROOT_CLASS = YES_ERROR;
				CLANG_WARN_QUOTED_INCLUDE_IN_FRAMEWORK_HEADER = YES;
				CLANG_WARN_RANGE_LOOP_ANALYSIS = YES;
				CLANG_WARN_STRICT_PROTOTYPES = YES;
				CLANG_WARN_SUSPICIOUS_MOVE = YES;
				CLANG_WARN_UNGUARDED_AVAILABILITY = YES_AGGRESSIVE;
				CLANG_WARN_UNREACHABLE_CODE = YES;
				CLANG_WARN__DUPLICATE_METHOD_MATCH = YES;
				COPY_PHASE_STRIP = NO;
				DEBUG_INFORMATION_FORMAT = dwarf;
				ENABLE_STRICT_OBJC_MSGSEND = YES;
				ENABLE_TESTABILITY = YES;
				GCC_C_LANGUAGE_STANDARD = gnu11;
				GCC_DYNAMIC_NO_PIC = NO;
				GCC_NO_COMMON_BLOCKS = YES;
				GCC_OPTIMIZATION_LEVEL = 0;
				GCC_PREPROCESSOR_DEFINITIONS = (
					"DEBUG=1",
					"$(inherited)",
				);
				GCC_WARN_64_TO_32_BIT_CONVERSION = YES;
				GCC_WARN_ABOUT_RETURN_TYPE = YES_ERROR;
				GCC_WARN_UNDECLARED_SELECTOR = YES;
				GCC_WARN_UNINITIALIZED_AUTOS = YES_AGGRESSIVE;
				GCC_WARN_UNUSED_FUNCTION = YES;
				GCC_WARN_UNUSED_VARIABLE = YES;
				IPHONEOS_DEPLOYMENT_TARGET = 15.0;
				MTL_ENABLE_DEBUG_INFO = INCLUDE_SOURCE;
				MTL_FAST_MATH = YES;
				ONLY_ACTIVE_ARCH = YES;
				SDKROOT = iphoneos;
				SWIFT_ACTIVE_COMPILATION_CONDITIONS = DEBUG;
				SWIFT_OPTIMIZATION_LEVEL = "-Onone";
			};
			name = Debug;
		};
		18C35E75283E9226003E0CC1 /* Release */ = {
			isa = XCBuildConfiguration;
			buildSettings = {
				ALWAYS_SEARCH_USER_PATHS = NO;
				CLANG_ANALYZER_NONNULL = YES;
				CLANG_ANALYZER_NUMBER_OBJECT_CONVERSION = YES_AGGRESSIVE;
				CLANG_CXX_LANGUAGE_STANDARD = "gnu++17";
				CLANG_CXX_LIBRARY = "libc++";
				CLANG_ENABLE_MODULES = YES;
				CLANG_ENABLE_OBJC_ARC = YES;
				CLANG_ENABLE_OBJC_WEAK = YES;
				CLANG_WARN_BLOCK_CAPTURE_AUTORELEASING = YES;
				CLANG_WARN_BOOL_CONVERSION = YES;
				CLANG_WARN_COMMA = YES;
				CLANG_WARN_CONSTANT_CONVERSION = YES;
				CLANG_WARN_DEPRECATED_OBJC_IMPLEMENTATIONS = YES;
				CLANG_WARN_DIRECT_OBJC_ISA_USAGE = YES_ERROR;
				CLANG_WARN_DOCUMENTATION_COMMENTS = YES;
				CLANG_WARN_EMPTY_BODY = YES;
				CLANG_WARN_ENUM_CONVERSION = YES;
				CLANG_WARN_INFINITE_RECURSION = YES;
				CLANG_WARN_INT_CONVERSION = YES;
				CLANG_WARN_NON_LITERAL_NULL_CONVERSION = YES;
				CLANG_WARN_OBJC_IMPLICIT_RETAIN_SELF = YES;
				CLANG_WARN_OBJC_LITERAL_CONVERSION = YES;
				CLANG_WARN_OBJC_ROOT_CLASS = YES_ERROR;
				CLANG_WARN_QUOTED_INCLUDE_IN_FRAMEWORK_HEADER = YES;
				CLANG_WARN_RANGE_LOOP_ANALYSIS = YES;
				CLANG_WARN_STRICT_PROTOTYPES = YES;
				CLANG_WARN_SUSPICIOUS_MOVE = YES;
				CLANG_WARN_UNGUARDED_AVAILABILITY = YES_AGGRESSIVE;
				CLANG_WARN_UNREACHABLE_CODE = YES;
				CLANG_WARN__DUPLICATE_METHOD_MATCH = YES;
				COPY_PHASE_STRIP = NO;
				DEBUG_INFORMATION_FORMAT = "dwarf-with-dsym";
				ENABLE_NS_ASSERTIONS = NO;
				ENABLE_STRICT_OBJC_MSGSEND = YES;
				GCC_C_LANGUAGE_STANDARD = gnu11;
				GCC_NO_COMMON_BLOCKS = YES;
				GCC_WARN_64_TO_32_BIT_CONVERSION = YES;
				GCC_WARN_ABOUT_RETURN_TYPE = YES_ERROR;
				GCC_WARN_UNDECLARED_SELECTOR = YES;
				GCC_WARN_UNINITIALIZED_AUTOS = YES_AGGRESSIVE;
				GCC_WARN_UNUSED_FUNCTION = YES;
				GCC_WARN_UNUSED_VARIABLE = YES;
				IPHONEOS_DEPLOYMENT_TARGET = 15.0;
				MTL_ENABLE_DEBUG_INFO = NO;
				MTL_FAST_MATH = YES;
				SDKROOT = iphoneos;
				SWIFT_COMPILATION_MODE = wholemodule;
				SWIFT_OPTIMIZATION_LEVEL = "-O";
				VALIDATE_PRODUCT = YES;
			};
			name = Release;
		};
		18C35E77283E9226003E0CC1 /* Debug */ = {
			isa = XCBuildConfiguration;
			buildSettings = {
				ASSETCATALOG_COMPILER_APPICON_NAME = AppIcon;
				ASSETCATALOG_COMPILER_GLOBAL_ACCENT_COLOR_NAME = AccentColor;
				CODE_SIGN_STYLE = Automatic;
				CURRENT_PROJECT_VERSION = 1;
				DEVELOPMENT_TEAM = 8ZC96J44FA;
				GENERATE_INFOPLIST_FILE = YES;
				INFOPLIST_FILE = "core-data-realm/Info.plist";
				INFOPLIST_KEY_UIApplicationSupportsIndirectInputEvents = YES;
				INFOPLIST_KEY_UILaunchStoryboardName = LaunchScreen;
				INFOPLIST_KEY_UIMainStoryboardFile = Main;
				INFOPLIST_KEY_UISupportedInterfaceOrientations_iPad = "UIInterfaceOrientationPortrait UIInterfaceOrientationPortraitUpsideDown UIInterfaceOrientationLandscapeLeft UIInterfaceOrientationLandscapeRight";
				INFOPLIST_KEY_UISupportedInterfaceOrientations_iPhone = "UIInterfaceOrientationPortrait UIInterfaceOrientationLandscapeLeft UIInterfaceOrientationLandscapeRight";
				LD_RUNPATH_SEARCH_PATHS = (
					"$(inherited)",
					"@executable_path/Frameworks",
				);
				MARKETING_VERSION = 1.0;
				PRODUCT_BUNDLE_IDENTIFIER = "com.marcio.core-data-realm";
				PRODUCT_NAME = "$(TARGET_NAME)";
				SWIFT_EMIT_LOC_STRINGS = YES;
				SWIFT_VERSION = 5.0;
				TARGETED_DEVICE_FAMILY = "1,2";
			};
			name = Debug;
		};
		18C35E78283E9226003E0CC1 /* Release */ = {
			isa = XCBuildConfiguration;
			buildSettings = {
				ASSETCATALOG_COMPILER_APPICON_NAME = AppIcon;
				ASSETCATALOG_COMPILER_GLOBAL_ACCENT_COLOR_NAME = AccentColor;
				CODE_SIGN_STYLE = Automatic;
				CURRENT_PROJECT_VERSION = 1;
				DEVELOPMENT_TEAM = 8ZC96J44FA;
				GENERATE_INFOPLIST_FILE = YES;
				INFOPLIST_FILE = "core-data-realm/Info.plist";
				INFOPLIST_KEY_UIApplicationSupportsIndirectInputEvents = YES;
				INFOPLIST_KEY_UILaunchStoryboardName = LaunchScreen;
				INFOPLIST_KEY_UIMainStoryboardFile = Main;
				INFOPLIST_KEY_UISupportedInterfaceOrientations_iPad = "UIInterfaceOrientationPortrait UIInterfaceOrientationPortraitUpsideDown UIInterfaceOrientationLandscapeLeft UIInterfaceOrientationLandscapeRight";
				INFOPLIST_KEY_UISupportedInterfaceOrientations_iPhone = "UIInterfaceOrientationPortrait UIInterfaceOrientationLandscapeLeft UIInterfaceOrientationLandscapeRight";
				LD_RUNPATH_SEARCH_PATHS = (
					"$(inherited)",
					"@executable_path/Frameworks",
				);
				MARKETING_VERSION = 1.0;
				PRODUCT_BUNDLE_IDENTIFIER = "com.marcio.core-data-realm";
				PRODUCT_NAME = "$(TARGET_NAME)";
				SWIFT_EMIT_LOC_STRINGS = YES;
				SWIFT_VERSION = 5.0;
				TARGETED_DEVICE_FAMILY = "1,2";
			};
			name = Release;
		};
/* End XCBuildConfiguration section */

/* Begin XCConfigurationList section */
		18C35E5D283E9222003E0CC1 /* Build configuration list for PBXProject "core-data-realm" */ = {
			isa = XCConfigurationList;
			buildConfigurations = (
				18C35E74283E9226003E0CC1 /* Debug */,
				18C35E75283E9226003E0CC1 /* Release */,
			);
			defaultConfigurationIsVisible = 0;
			defaultConfigurationName = Release;
		};
		18C35E76283E9226003E0CC1 /* Build configuration list for PBXNativeTarget "core-data-realm" */ = {
			isa = XCConfigurationList;
			buildConfigurations = (
				18C35E77283E9226003E0CC1 /* Debug */,
				18C35E78283E9226003E0CC1 /* Release */,
			);
			defaultConfigurationIsVisible = 0;
			defaultConfigurationName = Release;
		};
/* End XCConfigurationList section */

/* Begin XCVersionGroup section */
		187D48412845873D007A3083 /* DataModel.xcdatamodeld */ = {
			isa = XCVersionGroup;
			children = (
				187D48422845873D007A3083 /* DataModel.xcdatamodel */,
			);
			currentVersion = 187D48422845873D007A3083 /* DataModel.xcdatamodel */;
			path = DataModel.xcdatamodeld;
			sourceTree = "<group>";
			versionGroupType = wrapper.xcdatamodel;
		};
/* End XCVersionGroup section */
	};
	rootObject = 18C35E5A283E9222003E0CC1 /* Project object */;
}
